github.com/clearblade/Go-SDK v2.5.2+incompatible h1:gVDW6Ypqf0BjywDESWQ61zIAZ/Ykb3kpEofhZy1Z1uk=
github.com/clearblade/Go-SDK v2.5.2+incompatible/go.mod h1:4XYyCaZySOwJKzAT2ajeAlQwoJPuDJ7y/5EwOPQ0eE8=
github.com/clearblade/go-utils v1.1.4 h1:/pcYKVTAJ5RcXRZnVENNdUZUKCoZRa3OVhbyer/aHiY=
github.com/clearblade/go-utils v1.1.4/go.mod h1:neQH1vakc/9y8BORrnWgSnBAQFBCS2U8OT3f47oM/YU=
github.com/clearblade/mqtt_parsing v0.0.0-20160301165118-6ae49eac0961 h1:/T6Cq3XSwmuFoN6GDoPWgGpNW5X0Idx49DbfQazRUOQ=
github.com/clearblade/mqtt_parsing v0.0.0-20160301165118-6ae49eac0961/go.mod h1:xDP8quKbKO12G1Z5hbQFhAb9DekEe/sSKVOJdl9eRgA=
github.com/clearblade/paho.mqtt.golang v1.1.1 h1:S+F3zt3EuskNZvrP4NTgtH1gbY/gvz8VlP+a7UX2LWQ=
github.com/clearblade/paho.mqtt.golang v1.1.1/go.mod h1:rpDRqEw2Q7epfQYfcHwkHDHSzNzPB+BYO8zn7cGHsWo=
github.com/hashicorp/logutils v1.0.0 h1:dLEQVugN8vlakKOUE3ihGLTZJRB4j+M2cdTm/ORI65Y=
github.com/hashicorp/logutils v1.0.0/go.mod h1:QIAnNjmIWmVIIkWDTG1z5v++HQmx9WQRO+LraFDTW64=
golang.org/x/net v0.0.0-20210614182718-04defd469f4e h1:XpT3nA5TvE525Ne3hInMh6+GETgn27Zfm9dxsThnX2Q=
golang.org/x/net v0.0.0-20210614182718-04defd469f4e/go.mod h1:9nx3DQGgdP8bBQD5qxJ1jj9UTztislL4KSBs9R2vV5Y=
golang.org/x/sys v0.0.0-20201119102817-f84b799fce68/go.mod h1:h1NjWce9XRLGQEsW7wpKNCjG9DtNlClVuFLEZdDNbEs=
golang.org/x/sys v0.0.0-20210423082822-04245dca01da/go.mod h1:h1NjWce9XRLGQEsW7wpKNCjG9DtNlClVuFLEZdDNbEs=
golang.org/x/term v0.0.0-20201126162022-7de9c90e9dd1/go.mod h1:bj7SfCRtBDWHUb9snDiAeCFNEtKQo2Wmx5Cou7ajbmo=
golang.org/x/text v0.3.6/go.mod h1:5Zoc/QRtKVWzQhOtBMvqHzDpF6irO9z98xDceosuGiQ=
golang.org/x/tools v0.0.0-20180917221912-90fa682c2a6e/go.mod h1:n7NCudcB/nEzxVGmLbDWY5pfWTLqBcC2KZ6jyYvM4mQ=
